github.com/tyler-smith/assert v1.0.1 h1:AymyVNGyHOAVaDUEo0WouAMB/wwi5NdbJTDb7lsfFGk=
github.com/tyler-smith/assert v1.0.1/go.mod h1:oPc3QyIN2k0t/9Xp0sNhi3suiWuGXzIcdf/dbKQ6QGk=
golang.org/x/crypto v0.18.0 h1:PGVlW0xEltQnzFZ55hkuX5+KLyrMYhHld1YHO4AKcdc=
golang.org/x/crypto v0.18.0/go.mod h1:R0j02AL6hcrfOiy9T4ZYp/rcWeMxM3L6QYxlOuEG1mg=
